
Microsoft Visual Studio Solution File, Format Version 12.00
# Visual Studio Version 16
VisualStudioVersion = 16.0.30413.136
MinimumVisualStudioVersion = 10.0.40219.1
Project("{2150E333-8FDC-42A3-9474-1A3956D46DE8}") = "src", "src", "{9263E53B-65BB-461D-9117-4B63A07A39DC}"
EndProject
Project("{2150E333-8FDC-42A3-9474-1A3956D46DE8}") = "Basket", "Basket", "{1CF82CFB-51C6-4B33-9550-B6DFE00C036E}"
EndProject
Project("{2150E333-8FDC-42A3-9474-1A3956D46DE8}") = "Catalog", "Catalog", "{F650F626-241E-4958-AE93-8CE3E4740914}"
EndProject
Project("{2150E333-8FDC-42A3-9474-1A3956D46DE8}") = "Common", "Common", "{E8EB7FB9-5AEB-40C8-AFFB-7B384ACAD82F}"
EndProject
Project("{2150E333-8FDC-42A3-9474-1A3956D46DE8}") = "Ordering", "Ordering", "{81CA010C-756B-4EBF-97E7-D849440117DD}"
EndProject
Project("{9A19103F-16F7-4668-BE54-9A1E7A4F7556}") = "Basket.API", "src\Basket\Basket.API\Basket.API.csproj", "{8680EC98-4332-4B92-9228-2649ECE2F847}"
EndProject
Project("{9A19103F-16F7-4668-BE54-9A1E7A4F7556}") = "Catalog.API", "src\Catalog\Catalog.API\Catalog.API.csproj", "{7DF345B0-362A-4141-92C1-0AF6AA015C86}"
EndProject
Project("{9A19103F-16F7-4668-BE54-9A1E7A4F7556}") = "Ordering.API", "src\Ordering\Ordering.API\Ordering.API.csproj", "{B57D15CB-A8B8-4613-BD3F-5FB65B48948F}"
EndProject
Project("{9A19103F-16F7-4668-BE54-9A1E7A4F7556}") = "Ordering.Infrastructure", "src\Ordering\Ordering.Infrastructure\Ordering.Infrastructure.csproj", "{ABBE758B-6208-4F2B-823D-7662B5B3B9BA}"
EndProject
Project("{9A19103F-16F7-4668-BE54-9A1E7A4F7556}") = "Ordering.Application", "src\Ordering\Ordering.Application\Ordering.Application.csproj", "{37B8E94E-16D2-4565-9910-B00D707CA5BF}"
EndProject
Project("{9A19103F-16F7-4668-BE54-9A1E7A4F7556}") = "Ordering.Core", "src\Ordering\Ordering.Core\Ordering.Core.csproj", "{538DCCEA-9AE0-4C34-93DA-D1CA7A7EDEC0}"
EndProject
Project("{E53339B2-1760-4266-BCC7-CA923CBCF16C}") = "docker-compose", "docker-compose.dcproj", "{BC1553EB-5E3F-453F-BBB1-990233E8A5AB}"
EndProject
Project("{9A19103F-16F7-4668-BE54-9A1E7A4F7556}") = "EventBusRabbitMQ", "src\Common\EventBusRabbitMQ\EventBusRabbitMQ.csproj", "{9E2ECB8F-CF84-40C9-9C2D-F5D7072BE102}"
EndProject
Project("{2150E333-8FDC-42A3-9474-1A3956D46DE8}") = "Web", "Web", "{3D88C991-4AD0-4D92-A8F3-E7CC55248466}"
EndProject
Project("{FAE04EC0-301F-11D3-BF4B-00C04F79EFBC}") = "EShop", "..\EShop\EShop.csproj", "{FA68A8F6-A7CA-4C9F-B8AB-BEC0F9059040}"
EndProject
Project("{2150E333-8FDC-42A3-9474-1A3956D46DE8}") = "APIGateway", "APIGateway", "{B9908659-50D8-46DF-B093-0309F1A7C86E}"
EndProject
Project("{FAE04EC0-301F-11D3-BF4B-00C04F79EFBC}") = "OcelotAPIGateway", "..\OcelotAPIGateway\OcelotAPIGateway.csproj", "{DEEEFB01-FC6B-43CD-B6F6-1F00A5716A52}"
EndProject
Global
	GlobalSection(SolutionConfigurationPlatforms) = preSolution
		Debug|Any CPU = Debug|Any CPU
		Release|Any CPU = Release|Any CPU
	EndGlobalSection
	GlobalSection(ProjectConfigurationPlatforms) = postSolution
		{8680EC98-4332-4B92-9228-2649ECE2F847}.Debug|Any CPU.ActiveCfg = Debug|Any CPU
		{8680EC98-4332-4B92-9228-2649ECE2F847}.Debug|Any CPU.Build.0 = Debug|Any CPU
		{8680EC98-4332-4B92-9228-2649ECE2F847}.Release|Any CPU.ActiveCfg = Release|Any CPU
		{8680EC98-4332-4B92-9228-2649ECE2F847}.Release|Any CPU.Build.0 = Release|Any CPU
		{7DF345B0-362A-4141-92C1-0AF6AA015C86}.Debug|Any CPU.ActiveCfg = Debug|Any CPU
		{7DF345B0-362A-4141-92C1-0AF6AA015C86}.Debug|Any CPU.Build.0 = Debug|Any CPU
		{7DF345B0-362A-4141-92C1-0AF6AA015C86}.Release|Any CPU.ActiveCfg = Release|Any CPU
		{7DF345B0-362A-4141-92C1-0AF6AA015C86}.Release|Any CPU.Build.0 = Release|Any CPU
		{B57D15CB-A8B8-4613-BD3F-5FB65B48948F}.Debug|Any CPU.ActiveCfg = Debug|Any CPU
		{B57D15CB-A8B8-4613-BD3F-5FB65B48948F}.Debug|Any CPU.Build.0 = Debug|Any CPU
		{B57D15CB-A8B8-4613-BD3F-5FB65B48948F}.Release|Any CPU.ActiveCfg = Release|Any CPU
		{B57D15CB-A8B8-4613-BD3F-5FB65B48948F}.Release|Any CPU.Build.0 = Release|Any CPU
		{ABBE758B-6208-4F2B-823D-7662B5B3B9BA}.Debug|Any CPU.ActiveCfg = Debug|Any CPU
		{ABBE758B-6208-4F2B-823D-7662B5B3B9BA}.Debug|Any CPU.Build.0 = Debug|Any CPU
		{ABBE758B-6208-4F2B-823D-7662B5B3B9BA}.Release|Any CPU.ActiveCfg = Release|Any CPU
		{ABBE758B-6208-4F2B-823D-7662B5B3B9BA}.Release|Any CPU.Build.0 = Release|Any CPU
		{37B8E94E-16D2-4565-9910-B00D707CA5BF}.Debug|Any CPU.ActiveCfg = Debug|Any CPU
		{37B8E94E-16D2-4565-9910-B00D707CA5BF}.Debug|Any CPU.Build.0 = Debug|Any CPU
		{37B8E94E-16D2-4565-9910-B00D707CA5BF}.Release|Any CPU.ActiveCfg = Release|Any CPU
		{37B8E94E-16D2-4565-9910-B00D707CA5BF}.Release|Any CPU.Build.0 = Release|Any CPU
		{538DCCEA-9AE0-4C34-93DA-D1CA7A7EDEC0}.Debug|Any CPU.ActiveCfg = Debug|Any CPU
		{538DCCEA-9AE0-4C34-93DA-D1CA7A7EDEC0}.Debug|Any CPU.Build.0 = Debug|Any CPU
		{538DCCEA-9AE0-4C34-93DA-D1CA7A7EDEC0}.Release|Any CPU.ActiveCfg = Release|Any CPU
		{538DCCEA-9AE0-4C34-93DA-D1CA7A7EDEC0}.Release|Any CPU.Build.0 = Release|Any CPU
		{BC1553EB-5E3F-453F-BBB1-990233E8A5AB}.Debug|Any CPU.ActiveCfg = Debug|Any CPU
		{BC1553EB-5E3F-453F-BBB1-990233E8A5AB}.Debug|Any CPU.Build.0 = Debug|Any CPU
		{BC1553EB-5E3F-453F-BBB1-990233E8A5AB}.Release|Any CPU.ActiveCfg = Release|Any CPU
		{BC1553EB-5E3F-453F-BBB1-990233E8A5AB}.Release|Any CPU.Build.0 = Release|Any CPU
		{9E2ECB8F-CF84-40C9-9C2D-F5D7072BE102}.Debug|Any CPU.ActiveCfg = Debug|Any CPU
		{9E2ECB8F-CF84-40C9-9C2D-F5D7072BE102}.Debug|Any CPU.Build.0 = Debug|Any CPU
		{9E2ECB8F-CF84-40C9-9C2D-F5D7072BE102}.Release|Any CPU.ActiveCfg = Release|Any CPU
		{9E2ECB8F-CF84-40C9-9C2D-F5D7072BE102}.Release|Any CPU.Build.0 = Release|Any CPU
		{FA68A8F6-A7CA-4C9F-B8AB-BEC0F9059040}.Debug|Any CPU.ActiveCfg = Debug|Any CPU
		{FA68A8F6-A7CA-4C9F-B8AB-BEC0F9059040}.Debug|Any CPU.Build.0 = Debug|Any CPU
		{FA68A8F6-A7CA-4C9F-B8AB-BEC0F9059040}.Release|Any CPU.ActiveCfg = Release|Any CPU
		{FA68A8F6-A7CA-4C9F-B8AB-BEC0F9059040}.Release|Any CPU.Build.0 = Release|Any CPU
		{DEEEFB01-FC6B-43CD-B6F6-1F00A5716A52}.Debug|Any CPU.ActiveCfg = Debug|Any CPU
		{DEEEFB01-FC6B-43CD-B6F6-1F00A5716A52}.Debug|Any CPU.Build.0 = Debug|Any CPU
		{DEEEFB01-FC6B-43CD-B6F6-1F00A5716A52}.Release|Any CPU.ActiveCfg = Release|Any CPU
		{DEEEFB01-FC6B-43CD-B6F6-1F00A5716A52}.Release|Any CPU.Build.0 = Release|Any CPU
	EndGlobalSection
	GlobalSection(SolutionProperties) = preSolution
		HideSolutionNode = FALSE
	EndGlobalSection
	GlobalSection(NestedProjects) = preSolution
		{1CF82CFB-51C6-4B33-9550-B6DFE00C036E} = {9263E53B-65BB-461D-9117-4B63A07A39DC}
		{F650F626-241E-4958-AE93-8CE3E4740914} = {9263E53B-65BB-461D-9117-4B63A07A39DC}
		{E8EB7FB9-5AEB-40C8-AFFB-7B384ACAD82F} = {9263E53B-65BB-461D-9117-4B63A07A39DC}
		{81CA010C-756B-4EBF-97E7-D849440117DD} = {9263E53B-65BB-461D-9117-4B63A07A39DC}
		{8680EC98-4332-4B92-9228-2649ECE2F847} = {1CF82CFB-51C6-4B33-9550-B6DFE00C036E}
		{7DF345B0-362A-4141-92C1-0AF6AA015C86} = {F650F626-241E-4958-AE93-8CE3E4740914}
		{B57D15CB-A8B8-4613-BD3F-5FB65B48948F} = {81CA010C-756B-4EBF-97E7-D849440117DD}
		{ABBE758B-6208-4F2B-823D-7662B5B3B9BA} = {81CA010C-756B-4EBF-97E7-D849440117DD}
		{37B8E94E-16D2-4565-9910-B00D707CA5BF} = {81CA010C-756B-4EBF-97E7-D849440117DD}
		{538DCCEA-9AE0-4C34-93DA-D1CA7A7EDEC0} = {81CA010C-756B-4EBF-97E7-D849440117DD}
		{9E2ECB8F-CF84-40C9-9C2D-F5D7072BE102} = {E8EB7FB9-5AEB-40C8-AFFB-7B384ACAD82F}
		{3D88C991-4AD0-4D92-A8F3-E7CC55248466} = {9263E53B-65BB-461D-9117-4B63A07A39DC}
		{FA68A8F6-A7CA-4C9F-B8AB-BEC0F9059040} = {3D88C991-4AD0-4D92-A8F3-E7CC55248466}
		{B9908659-50D8-46DF-B093-0309F1A7C86E} = {9263E53B-65BB-461D-9117-4B63A07A39DC}
		{DEEEFB01-FC6B-43CD-B6F6-1F00A5716A52} = {B9908659-50D8-46DF-B093-0309F1A7C86E}
	EndGlobalSection
	GlobalSection(ExtensibilityGlobals) = postSolution
		SolutionGuid = {94BC7D01-0383-4C37-A91F-4C59A9E8BA65}
	EndGlobalSection
EndGlobal
